// !$*UTF8*$!
{
	archiveVersion = 1;
	classes = {
	};
	objectVersion = 46;
	objects = {

/* Begin PBXBuildFile section */
		3992D1A61B7CB02000E026BA /* AppDelegate.swift in Sources */ = {isa = PBXBuildFile; fileRef = 3992D1A51B7CB02000E026BA /* AppDelegate.swift */; };
		3992D1A81B7CB02000E026BA /* ViewController.swift in Sources */ = {isa = PBXBuildFile; fileRef = 3992D1A71B7CB02000E026BA /* ViewController.swift */; };
		3992D1AB1B7CB02000E026BA /* Main.storyboard in Resources */ = {isa = PBXBuildFile; fileRef = 3992D1A91B7CB02000E026BA /* Main.storyboard */; };
		3992D1AD1B7CB02000E026BA /* Images.xcassets in Resources */ = {isa = PBXBuildFile; fileRef = 3992D1AC1B7CB02000E026BA /* Images.xcassets */; };
		3992D1B01B7CB02000E026BA /* LaunchScreen.xib in Resources */ = {isa = PBXBuildFile; fileRef = 3992D1AE1B7CB02000E026BA /* LaunchScreen.xib */; };
		3992D1BC1B7CB02000E026BA /* Tutorial_SwiftTests.swift in Sources */ = {isa = PBXBuildFile; fileRef = 3992D1BB1B7CB02000E026BA /* Tutorial_SwiftTests.swift */; };
		3992D1D21B7CBA6600E026BA /* CoreRing.framework in Frameworks */ = {isa = PBXBuildFile; fileRef = 3992D1D11B7CBA6600E026BA /* CoreRing.framework */; };
/* End PBXBuildFile section */

/* Begin PBXContainerItemProxy section */
		3992D1B61B7CB02000E026BA /* PBXContainerItemProxy */ = {
			isa = PBXContainerItemProxy;
			containerPortal = 3992D1981B7CB02000E026BA /* Project object */;
			proxyType = 1;
			remoteGlobalIDString = 3992D19F1B7CB02000E026BA;
			remoteInfo = "Tutorial-Swift";
		};
/* End PBXContainerItemProxy section */

/* Begin PBXCopyFilesBuildPhase section */
		3992D1CF1B7CB9FD00E026BA /* Embed Frameworks */ = {
			isa = PBXCopyFilesBuildPhase;
			buildActionMask = 2147483647;
			dstPath = "";
			dstSubfolderSpec = 10;
			files = (
			);
			name = "Embed Frameworks";
			runOnlyForDeploymentPostprocessing = 0;
		};
/* End PBXCopyFilesBuildPhase section */

/* Begin PBXFileReference section */
		3992D1A01B7CB02000E026BA /* Tutorial-Swift.app */ = {isa = PBXFileReference; explicitFileType = wrapper.application; includeInIndex = 0; path = "Tutorial-Swift.app"; sourceTree = BUILT_PRODUCTS_DIR; };
		3992D1A41B7CB02000E026BA /* Info.plist */ = {isa = PBXFileReference; lastKnownFileType = text.plist.xml; path = Info.plist; sourceTree = "<group>"; };
		3992D1A51B7CB02000E026BA /* AppDelegate.swift */ = {isa = PBXFileReference; lastKnownFileType = sourcecode.swift; path = AppDelegate.swift; sourceTree = "<group>"; };
		3992D1A71B7CB02000E026BA /* ViewController.swift */ = {isa = PBXFileReference; lastKnownFileType = sourcecode.swift; path = ViewController.swift; sourceTree = "<group>"; };
		3992D1AA1B7CB02000E026BA /* Base */ = {isa = PBXFileReference; lastKnownFileType = file.storyboard; name = Base; path = Base.lproj/Main.storyboard; sourceTree = "<group>"; };
		3992D1AC1B7CB02000E026BA /* Images.xcassets */ = {isa = PBXFileReference; lastKnownFileType = folder.assetcatalog; path = Images.xcassets; sourceTree = "<group>"; };
		3992D1AF1B7CB02000E026BA /* Base */ = {isa = PBXFileReference; lastKnownFileType = file.xib; name = Base; path = Base.lproj/LaunchScreen.xib; sourceTree = "<group>"; };
		3992D1B51B7CB02000E026BA /* Tutorial-SwiftTests.xctest */ = {isa = PBXFileReference; explicitFileType = wrapper.cfbundle; includeInIndex = 0; path = "Tutorial-SwiftTests.xctest"; sourceTree = BUILT_PRODUCTS_DIR; };
		3992D1BA1B7CB02000E026BA /* Info.plist */ = {isa = PBXFileReference; lastKnownFileType = text.plist.xml; path = Info.plist; sourceTree = "<group>"; };
		3992D1BB1B7CB02000E026BA /* Tutorial_SwiftTests.swift */ = {isa = PBXFileReference; lastKnownFileType = sourcecode.swift; path = Tutorial_SwiftTests.swift; sourceTree = "<group>"; };
		3992D1D01B7CBA4600E026BA /* Tutorial-Swift-Bridging-Header.h */ = {isa = PBXFileReference; lastKnownFileType = sourcecode.c.h; path = "Tutorial-Swift-Bridging-Header.h"; sourceTree = "<group>"; };
		3992D1D11B7CBA6600E026BA /* CoreRing.framework */ = {isa = PBXFileReference; lastKnownFileType = wrapper.framework; path = CoreRing.framework; sourceTree = "<group>"; };
/* End PBXFileReference section */

/* Begin PBXFrameworksBuildPhase section */
		3992D19D1B7CB02000E026BA /* Frameworks */ = {
			isa = PBXFrameworksBuildPhase;
			buildActionMask = 2147483647;
			files = (
				3992D1D21B7CBA6600E026BA /* CoreRing.framework in Frameworks */,
			);
			runOnlyForDeploymentPostprocessing = 0;
		};
		3992D1B21B7CB02000E026BA /* Frameworks */ = {
			isa = PBXFrameworksBuildPhase;
			buildActionMask = 2147483647;
			files = (
			);
			runOnlyForDeploymentPostprocessing = 0;
		};
/* End PBXFrameworksBuildPhase section */

/* Begin PBXGroup section */
		3992D1971B7CB02000E026BA = {
			isa = PBXGroup;
			children = (
				3992D1D11B7CBA6600E026BA /* CoreRing.framework */,
				3992D1A21B7CB02000E026BA /* Tutorial-Swift */,
				3992D1B81B7CB02000E026BA /* Tutorial-SwiftTests */,
				3992D1A11B7CB02000E026BA /* Products */,
			);
			sourceTree = "<group>";
		};
		3992D1A11B7CB02000E026BA /* Products */ = {
			isa = PBXGroup;
			children = (
				3992D1A01B7CB02000E026BA /* Tutorial-Swift.app */,
				3992D1B51B7CB02000E026BA /* Tutorial-SwiftTests.xctest */,
			);
			name = Products;
			sourceTree = "<group>";
		};
		3992D1A21B7CB02000E026BA /* Tutorial-Swift */ = {
			isa = PBXGroup;
			children = (
				3992D1D01B7CBA4600E026BA /* Tutorial-Swift-Bridging-Header.h */,
				3992D1A51B7CB02000E026BA /* AppDelegate.swift */,
				3992D1A71B7CB02000E026BA /* ViewController.swift */,
				3992D1A91B7CB02000E026BA /* Main.storyboard */,
				3992D1AC1B7CB02000E026BA /* Images.xcassets */,
				3992D1AE1B7CB02000E026BA /* LaunchScreen.xib */,
				3992D1A31B7CB02000E026BA /* Supporting Files */,
			);
			path = "Tutorial-Swift";
			sourceTree = "<group>";
		};
		3992D1A31B7CB02000E026BA /* Supporting Files */ = {
			isa = PBXGroup;
			children = (
				3992D1A41B7CB02000E026BA /* Info.plist */,
			);
			name = "Supporting Files";
			sourceTree = "<group>";
		};
		3992D1B81B7CB02000E026BA /* Tutorial-SwiftTests */ = {
			isa = PBXGroup;
			children = (
				3992D1BB1B7CB02000E026BA /* Tutorial_SwiftTests.swift */,
				3992D1B91B7CB02000E026BA /* Supporting Files */,
			);
			path = "Tutorial-SwiftTests";
			sourceTree = "<group>";
		};
		3992D1B91B7CB02000E026BA /* Supporting Files */ = {
			isa = PBXGroup;
			children = (
				3992D1BA1B7CB02000E026BA /* Info.plist */,
			);
			name = "Supporting Files";
			sourceTree = "<group>";
		};
/* End PBXGroup section */

/* Begin PBXNativeTarget section */
		3992D19F1B7CB02000E026BA /* Tutorial-Swift */ = {
			isa = PBXNativeTarget;
			buildConfigurationList = 3992D1BF1B7CB02000E026BA /* Build configuration list for PBXNativeTarget "Tutorial-Swift" */;
			buildPhases = (
				3992D19C1B7CB02000E026BA /* Sources */,
				3992D19D1B7CB02000E026BA /* Frameworks */,
				3992D19E1B7CB02000E026BA /* Resources */,
				3992D1CF1B7CB9FD00E026BA /* Embed Frameworks */,
			);
			buildRules = (
			);
			dependencies = (
			);
			name = "Tutorial-Swift";
			productName = "Tutorial-Swift";
			productReference = 3992D1A01B7CB02000E026BA /* Tutorial-Swift.app */;
			productType = "com.apple.product-type.application";
		};
		3992D1B41B7CB02000E026BA /* Tutorial-SwiftTests */ = {
			isa = PBXNativeTarget;
			buildConfigurationList = 3992D1C21B7CB02000E026BA /* Build configuration list for PBXNativeTarget "Tutorial-SwiftTests" */;
			buildPhases = (
				3992D1B11B7CB02000E026BA /* Sources */,
				3992D1B21B7CB02000E026BA /* Frameworks */,
				3992D1B31B7CB02000E026BA /* Resources */,
			);
			buildRules = (
			);
			dependencies = (
				3992D1B71B7CB02000E026BA /* PBXTargetDependency */,
			);
			name = "Tutorial-SwiftTests";
			productName = "Tutorial-SwiftTests";
			productReference = 3992D1B51B7CB02000E026BA /* Tutorial-SwiftTests.xctest */;
			productType = "com.apple.product-type.bundle.unit-test";
		};
/* End PBXNativeTarget section */

/* Begin PBXProject section */
		3992D1981B7CB02000E026BA /* Project object */ = {
			isa = PBXProject;
			attributes = {
				LastUpgradeCheck = 0640;
				ORGANIZATIONNAME = "TAKURO ITO";
				TargetAttributes = {
					3992D19F1B7CB02000E026BA = {
						CreatedOnToolsVersion = 6.4;
					};
					3992D1B41B7CB02000E026BA = {
						CreatedOnToolsVersion = 6.4;
						TestTargetID = 3992D19F1B7CB02000E026BA;
					};
				};
			};
			buildConfigurationList = 3992D19B1B7CB02000E026BA /* Build configuration list for PBXProject "Tutorial-Swift" */;
			compatibilityVersion = "Xcode 3.2";
			developmentRegion = English;
			hasScannedForEncodings = 0;
			knownRegions = (
				en,
				Base,
			);
			mainGroup = 3992D1971B7CB02000E026BA;
			productRefGroup = 3992D1A11B7CB02000E026BA /* Products */;
			projectDirPath = "";
			projectRoot = "";
			targets = (
				3992D19F1B7CB02000E026BA /* Tutorial-Swift */,
				3992D1B41B7CB02000E026BA /* Tutorial-SwiftTests */,
			);
		};
/* End PBXProject section */

/* Begin PBXResourcesBuildPhase section */
		3992D19E1B7CB02000E026BA /* Resources */ = {
			isa = PBXResourcesBuildPhase;
			buildActionMask = 2147483647;
			files = (
				3992D1AB1B7CB02000E026BA /* Main.storyboard in Resources */,
				3992D1B01B7CB02000E026BA /* LaunchScreen.xib in Resources */,
				3992D1AD1B7CB02000E026BA /* Images.xcassets in Resources */,
			);
			runOnlyForDeploymentPostprocessing = 0;
		};
		3992D1B31B7CB02000E026BA /* Resources */ = {
			isa = PBXResourcesBuildPhase;
			buildActionMask = 2147483647;
			files = (
			);
			runOnlyForDeploymentPostprocessing = 0;
		};
/* End PBXResourcesBuildPhase section */

/* Begin PBXSourcesBuildPhase section */
		3992D19C1B7CB02000E026BA /* Sources */ = {
			isa = PBXSourcesBuildPhase;
			buildActionMask = 2147483647;
			files = (
				3992D1A81B7CB02000E026BA /* ViewController.swift in Sources */,
				3992D1A61B7CB02000E026BA /* AppDelegate.swift in Sources */,
			);
			runOnlyForDeploymentPostprocessing = 0;
		};
		3992D1B11B7CB02000E026BA /* Sources */ = {
			isa = PBXSourcesBuildPhase;
			buildActionMask = 2147483647;
			files = (
				3992D1BC1B7CB02000E026BA /* Tutorial_SwiftTests.swift in Sources */,
			);
			runOnlyForDeploymentPostprocessing = 0;
		};
/* End PBXSourcesBuildPhase section */

/* Begin PBXTargetDependency section */
		3992D1B71B7CB02000E026BA /* PBXTargetDependency */ = {
			isa = PBXTargetDependency;
			target = 3992D19F1B7CB02000E026BA /* Tutorial-Swift */;
			targetProxy = 3992D1B61B7CB02000E026BA /* PBXContainerItemProxy */;
		};
/* End PBXTargetDependency section */

/* Begin PBXVariantGroup section */
		3992D1A91B7CB02000E026BA /* Main.storyboard */ = {
			isa = PBXVariantGroup;
			children = (
				3992D1AA1B7CB02000E026BA /* Base */,
			);
			name = Main.storyboard;
			sourceTree = "<group>";
		};
		3992D1AE1B7CB02000E026BA /* LaunchScreen.xib */ = {
			isa = PBXVariantGroup;
			children = (
				3992D1AF1B7CB02000E026BA /* Base */,
			);
			name = LaunchScreen.xib;
			sourceTree = "<group>";
		};
/* End PBXVariantGroup section */

/* Begin XCBuildConfiguration section */
		3992D1BD1B7CB02000E026BA /* Debug */ = {
			isa = XCBuildConfiguration;
			buildSettings = {
				ALWAYS_SEARCH_USER_PATHS = NO;
				CLANG_CXX_LANGUAGE_STANDARD = "gnu++0x";
				CLANG_CXX_LIBRARY = "libc++";
				CLANG_ENABLE_MODULES = YES;
				CLANG_ENABLE_OBJC_ARC = YES;
				CLANG_WARN_BOOL_CONVERSION = YES;
				CLANG_WARN_CONSTANT_CONVERSION = YES;
				CLANG_WARN_DIRECT_OBJC_ISA_USAGE = YES_ERROR;
				CLANG_WARN_EMPTY_BODY = YES;
				CLANG_WARN_ENUM_CONVERSION = YES;
				CLANG_WARN_INT_CONVERSION = YES;
				CLANG_WARN_OBJC_ROOT_CLASS = YES_ERROR;
				CLANG_WARN_UNREACHABLE_CODE = YES;
				CLANG_WARN__DUPLICATE_METHOD_MATCH = YES;
				"CODE_SIGN_IDENTITY[sdk=iphoneos*]" = "iPhone Developer";
				COPY_PHASE_STRIP = NO;
				DEBUG_INFORMATION_FORMAT = "dwarf-with-dsym";
				ENABLE_STRICT_OBJC_MSGSEND = YES;
				GCC_C_LANGUAGE_STANDARD = gnu99;
				GCC_DYNAMIC_NO_PIC = NO;
				GCC_NO_COMMON_BLOCKS = YES;
				GCC_OPTIMIZATION_LEVEL = 0;
				GCC_PREPROCESSOR_DEFINITIONS = (
					"DEBUG=1",
					"$(inherited)",
				);
				GCC_SYMBOLS_PRIVATE_EXTERN = NO;
				GCC_WARN_64_TO_32_BIT_CONVERSION = YES;
				GCC_WARN_ABOUT_RETURN_TYPE = YES_ERROR;
				GCC_WARN_UNDECLARED_SELECTOR = YES;
				GCC_WARN_UNINITIALIZED_AUTOS = YES_AGGRESSIVE;
				GCC_WARN_UNUSED_FUNCTION = YES;
				GCC_WARN_UNUSED_VARIABLE = YES;
				IPHONEOS_DEPLOYMENT_TARGET = 8.4;
				MTL_ENABLE_DEBUG_INFO = YES;
				ONLY_ACTIVE_ARCH = YES;
				SDKROOT = iphoneos;
				SWIFT_OPTIMIZATION_LEVEL = "-Onone";
				TARGETED_DEVICE_FAMILY = "1,2";
			};
			name = Debug;
		};
		3992D1BE1B7CB02000E026BA /* Release */ = {
			isa = XCBuildConfiguration;
			buildSettings = {
				ALWAYS_SEARCH_USER_PATHS = NO;
				CLANG_CXX_LANGUAGE_STANDARD = "gnu++0x";
				CLANG_CXX_LIBRARY = "libc++";
				CLANG_ENABLE_MODULES = YES;
				CLANG_ENABLE_OBJC_ARC = YES;
				CLANG_WARN_BOOL_CONVERSION = YES;
				CLANG_WARN_CONSTANT_CONVERSION = YES;
				CLANG_WARN_DIRECT_OBJC_ISA_USAGE = YES_ERROR;
				CLANG_WARN_EMPTY_BODY = YES;
				CLANG_WARN_ENUM_CONVERSION = YES;
				CLANG_WARN_INT_CONVERSION = YES;
				CLANG_WARN_OBJC_ROOT_CLASS = YES_ERROR;
				CLANG_WARN_UNREACHABLE_CODE = YES;
				CLANG_WARN__DUPLICATE_METHOD_MATCH = YES;
				"CODE_SIGN_IDENTITY[sdk=iphoneos*]" = "iPhone Developer";
				COPY_PHASE_STRIP = NO;
				DEBUG_INFORMATION_FORMAT = "dwarf-with-dsym";
				ENABLE_NS_ASSERTIONS = NO;
				ENABLE_STRICT_OBJC_MSGSEND = YES;
				GCC_C_LANGUAGE_STANDARD = gnu99;
				GCC_NO_COMMON_BLOCKS = YES;
				GCC_WARN_64_TO_32_BIT_CONVERSION = YES;
				GCC_WARN_ABOUT_RETURN_TYPE = YES_ERROR;
				GCC_WARN_UNDECLARED_SELECTOR = YES;
				GCC_WARN_UNINITIALIZED_AUTOS = YES_AGGRESSIVE;
				GCC_WARN_UNUSED_FUNCTION = YES;
				GCC_WARN_UNUSED_VARIABLE = YES;
				IPHONEOS_DEPLOYMENT_TARGET = 8.4;
				MTL_ENABLE_DEBUG_INFO = NO;
				SDKROOT = iphoneos;
				TARGETED_DEVICE_FAMILY = "1,2";
				VALIDATE_PRODUCT = YES;
			};
			name = Release;
		};
		3992D1C01B7CB02000E026BA /* Debug */ = {
			isa = XCBuildConfiguration;
			buildSettings = {
				ASSETCATALOG_COMPILER_APPICON_NAME = AppIcon;
				CLANG_ENABLE_MODULES = YES;
				FRAMEWORK_SEARCH_PATHS = (
					"$(inherited)",
					"$(PROJECT_DIR)",
				);
				INFOPLIST_FILE = "Tutorial-Swift/Info.plist";
				LD_RUNPATH_SEARCH_PATHS = "$(inherited) @executable_path/Frameworks";
				PRODUCT_NAME = "$(TARGET_NAME)";
				SWIFT_OBJC_BRIDGING_HEADER = "$(SRCROOT)/$(PROJECT)/Tutorial-Swift-Bridging-Header.h";
				SWIFT_OPTIMIZATION_LEVEL = "-Onone";
			};
			name = Debug;
		};
		3992D1C11B7CB02000E026BA /* Release */ = {
			isa = XCBuildConfiguration;
			buildSettings = {
				ASSETCATALOG_COMPILER_APPICON_NAME = AppIcon;
				CLANG_ENABLE_MODULES = YES;
				FRAMEWORK_SEARCH_PATHS = (
					"$(inherited)",
					"$(PROJECT_DIR)",
				);
				INFOPLIST_FILE = "Tutorial-Swift/Info.plist";
				LD_RUNPATH_SEARCH_PATHS = "$(inherited) @executable_path/Frameworks";
				PRODUCT_NAME = "$(TARGET_NAME)";
				SWIFT_OBJC_BRIDGING_HEADER = "$(SRCROOT)/$(PROJECT)/Tutorial-Swift-Bridging-Header.h";
			};
			name = Release;
		};
		3992D1C31B7CB02000E026BA /* Debug */ = {
			isa = XCBuildConfiguration;
			buildSettings = {
				BUNDLE_LOADER = "$(TEST_HOST)";
				FRAMEWORK_SEARCH_PATHS = (
					"$(SDKROOT)/Developer/Library/Frameworks",
					"$(inherited)",
				);
				GCC_PREPROCESSOR_DEFINITIONS = (
					"DEBUG=1",
					"$(inherited)",
				);
				INFOPLIST_FILE = "Tutorial-SwiftTests/Info.plist";
				LD_RUNPATH_SEARCH_PATHS = "$(inherited) @executable_path/Frameworks @loader_path/Frameworks";
				PRODUCT_NAME = "$(TARGET_NAME)";
				TEST_HOST = "$(BUILT_PRODUCTS_DIR)/Tutorial-Swift.app/Tutorial-Swift";
			};
			name = Debug;
		};
		3992D1C41B7CB02000E026BA /* Release */ = {
			isa = XCBuildConfiguration;
			buildSettings = {
				BUNDLE_LOADER = "$(TEST_HOST)";
				FRAMEWORK_SEARCH_PATHS = (
					"$(SDKROOT)/Developer/Library/Frameworks",
					"$(inherited)",
				);
				INFOPLIST_FILE = "Tutorial-SwiftTests/Info.plist";
				LD_RUNPATH_SEARCH_PATHS = "$(inherited) @executable_path/Frameworks @loader_path/Frameworks";
				PRODUCT_NAME = "$(TARGET_NAME)";
				TEST_HOST = "$(BUILT_PRODUCTS_DIR)/Tutorial-Swift.app/Tutorial-Swift";
			};
			name = Release;
		};
/* End XCBuildConfiguration section */

/* Begin XCConfigurationList section */
		3992D19B1B7CB02000E026BA /* Build configuration list for PBXProject "Tutorial-Swift" */ = {
			isa = XCConfigurationList;
			buildConfigurations = (
				3992D1BD1B7CB02000E026BA /* Debug */,
				3992D1BE1B7CB02000E026BA /* Release */,
			);
			defaultConfigurationIsVisible = 0;
			defaultConfigurationName = Release;
		};
		3992D1BF1B7CB02000E026BA /* Build configuration list for PBXNativeTarget "Tutorial-Swift" */ = {
			isa = XCConfigurationList;
			buildConfigurations = (
				3992D1C01B7CB02000E026BA /* Debug */,
				3992D1C11B7CB02000E026BA /* Release */,
			);
			defaultConfigurationIsVisible = 0;
			defaultConfigurationName = Release;
		};
		3992D1C21B7CB02000E026BA /* Build configuration list for PBXNativeTarget "Tutorial-SwiftTests" */ = {
			isa = XCConfigurationList;
			buildConfigurations = (
				3992D1C31B7CB02000E026BA /* Debug */,
				3992D1C41B7CB02000E026BA /* Release */,
			);
			defaultConfigurationIsVisible = 0;
			defaultConfigurationName = Release;
		};
/* End XCConfigurationList section */
	};
	rootObject = 3992D1981B7CB02000E026BA /* Project object */;
}
